
Microsoft Visual Studio Solution File, Format Version 12.00
# Visual Studio Version 16
VisualStudioVersion = 16.0.31025.194
MinimumVisualStudioVersion = 10.0.40219.1
Project("{FAE04EC0-301F-11D3-BF4B-00C04F79EFBC}") = "NotSoHotSeats!", "NotSoHotSeats!\NotSoHotSeats!.csproj", "{DB530819-5FF2-4704-9C30-5476EAE051A5}"
EndProject
Global
	GlobalSection(SolutionConfigurationPlatforms) = preSolution
		Debug|Any CPU = Debug|Any CPU
		Release|Any CPU = Release|Any CPU
	EndGlobalSection
	GlobalSection(ProjectConfigurationPlatforms) = postSolution
		{DB530819-5FF2-4704-9C30-5476EAE051A5}.Debug|Any CPU.ActiveCfg = Debug|Any CPU
		{DB530819-5FF2-4704-9C30-5476EAE051A5}.Debug|Any CPU.Build.0 = Debug|Any CPU
		{DB530819-5FF2-4704-9C30-5476EAE051A5}.Release|Any CPU.ActiveCfg = Release|Any CPU
		{DB530819-5FF2-4704-9C30-5476EAE051A5}.Release|Any CPU.Build.0 = Release|Any CPU
	EndGlobalSection
	GlobalSection(SolutionProperties) = preSolution
		HideSolutionNode = FALSE
	EndGlobalSection
	GlobalSection(ExtensibilityGlobals) = postSolution
		SolutionGuid = {0D09E5A1-67F9-4716-9D33-909B172CE0C4}
	EndGlobalSection
EndGlobal
